{
  "version": 4,
  "terraform_version": "0.12.24",
  "serial": 62,
  "lineage": "2b80dd5b-4061-2d73-34a3-13b677f96f7d",
  "outputs": {
    "s3_arn": {
      "value": "arn:aws:s3:::rpaquito-s3-files-bucket",
      "type": "string"
    }
  },
  "resources": [
    {
      "module": "module.lambda",
      "mode": "data",
      "type": "archive_file",
      "name": "lambda_zip",
      "provider": "provider.archive",
      "instances": [
        {
          "schema_version": 0,
          "attributes": {
            "excludes": null,
            "id": "e53d467fe0ede5509bff3771a25d3d0036b77903",
            "output_base64sha256": "HJufNzomVbXV2PLOlE5SAfQU9pGWX+Og8MwW959d1No=",
            "output_md5": "af88efb24945e864a98495b9871d084c",
            "output_path": "./tmp/processFile.zip",
            "output_sha": "e53d467fe0ede5509bff3771a25d3d0036b77903",
            "output_size": 636,
            "source": [],
            "source_content": null,
            "source_content_filename": null,
            "source_dir": null,
            "source_file": "lambda/src/processFile.py",
            "type": "zip"
          }
        }
      ]
    },
    {
      "module": "module.lambda",
      "mode": "managed",
      "type": "aws_iam_role",
      "name": "lambda_role",
      "provider": "provider.aws",
      "instances": [
        {
          "schema_version": 0,
          "attributes": {
            "arn": "arn:aws:iam::887766911020:role/rpaquito-process-file-lambda-role",
            "assume_role_policy": "{\"Version\":\"2012-10-17\",\"Statement\":[{\"Sid\":\"lambdaRole\",\"Effect\":\"Allow\",\"Principal\":{\"Service\":\"lambda.amazonaws.com\"},\"Action\":\"sts:AssumeRole\"}]}",
            "create_date": "2020-04-22T13:46:16Z",
            "description": "",
            "force_detach_policies": false,
            "id": "rpaquito-process-file-lambda-role",
            "max_session_duration": 3600,
            "name": "rpaquito-process-file-lambda-role",
            "name_prefix": null,
            "path": "/",
            "permissions_boundary": null,
            "tags": null,
            "unique_id": "AROA45MYIBAWJVQEV45XT"
          },
          "private": "bnVsbA=="
        }
      ]
    },
    {
      "module": "module.lambda",
      "mode": "managed",
      "type": "aws_iam_role_policy",
      "name": "lambda_role_policy",
      "provider": "provider.aws",
      "instances": [
        {
          "schema_version": 0,
          "attributes": {
            "id": "rpaquito-process-file-lambda-role:rpaquito-process-file-role-policy",
            "name": "rpaquito-process-file-role-policy",
            "name_prefix": null,
            "policy": "{\n  \"Version\": \"2012-10-17\",\n  \"Statement\": [\n    {\n      \"Action\": [\n        \"logs:*\", \n        \"lambda:InvokeFunction\",\n        \"s3:*\"\n      ],\n      \"Effect\": \"Allow\",\n      \"Resource\": [\n        \"*\"\n      ]\n    }\n    ]\n}\n",
            "role": "rpaquito-process-file-lambda-role"
          },
          "private": "bnVsbA==",
          "dependencies": [
            "module.lambda.aws_iam_role.lambda_role"
          ]
        }
      ]
    },
    {
      "module": "module.lambda",
      "mode": "managed",
      "type": "aws_lambda_function",
      "name": "process_file_lambda",
      "provider": "provider.aws",
      "instances": [
        {
          "schema_version": 0,
          "attributes": {
            "arn": "arn:aws:lambda:us-east-1:887766911020:function:rpaquito-process-file",
            "dead_letter_config": [],
            "description": "",
            "environment": [
              {
                "variables": {
                  "MAX_LINES": "1000",
                  "REGION": "us-east-1"
                }
              }
            ],
            "filename": "./tmp/processFile.zip",
            "function_name": "rpaquito-process-file",
            "handler": "processFile.handler",
            "id": "rpaquito-process-file",
            "invoke_arn": "arn:aws:apigateway:us-east-1:lambda:path/2015-03-31/functions/arn:aws:lambda:us-east-1:887766911020:function:rpaquito-process-file/invocations",
            "kms_key_arn": "",
            "last_modified": "2020-04-22T13:46:27.293+0000",
            "layers": null,
            "memory_size": 128,
            "publish": false,
            "qualified_arn": "arn:aws:lambda:us-east-1:887766911020:function:rpaquito-process-file:$LATEST",
            "reserved_concurrent_executions": -1,
            "role": "arn:aws:iam::887766911020:role/rpaquito-process-file-lambda-role",
            "runtime": "python3.6",
            "s3_bucket": null,
            "s3_key": null,
            "s3_object_version": null,
            "source_code_hash": "HJufNzomVbXV2PLOlE5SAfQU9pGWX+Og8MwW959d1No=",
            "source_code_size": 636,
            "tags": null,
            "timeout": 5,
            "timeouts": null,
            "tracing_config": [
              {
                "mode": "PassThrough"
              }
            ],
            "version": "$LATEST",
            "vpc_config": []
          },
          "private": "eyJlMmJmYjczMC1lY2FhLTExZTYtOGY4OC0zNDM2M2JjN2M0YzAiOnsiY3JlYXRlIjo2MDAwMDAwMDAwMDB9fQ==",
          "dependencies": [
            "module.lambda.aws_iam_role.lambda_role"
          ]
        }
      ]
    },
    {
      "module": "module.s3_bucket",
      "mode": "managed",
      "type": "aws_lambda_permission",
      "name": "allow_bucket",
      "provider": "provider.aws",
      "instances": [
        {
          "schema_version": 0,
          "attributes": {
            "action": "lambda:InvokeFunction",
            "event_source_token": null,
            "function_name": "arn:aws:lambda:us-east-1:887766911020:function:rpaquito-process-file",
            "id": "AllowExecutionFromS3Bucket",
            "principal": "s3.amazonaws.com",
            "qualifier": "",
            "source_account": null,
            "source_arn": "arn:aws:s3:::rpaquito-s3-files-bucket",
            "statement_id": "AllowExecutionFromS3Bucket",
            "statement_id_prefix": null
          },
          "private": "bnVsbA==",
          "dependencies": [
            "module.lambda.aws_iam_role.lambda_role",
            "module.lambda.aws_lambda_function.process_file_lambda",
            "module.s3_bucket.aws_s3_bucket.s3_bucket_files"
          ]
        }
      ]
    },
    {
      "module": "module.s3_bucket",
      "mode": "managed",
      "type": "aws_s3_bucket",
      "name": "s3_bucket_files",
      "provider": "provider.aws",
      "instances": [
        {
          "schema_version": 0,
          "attributes": {
            "acceleration_status": "",
            "acl": "private",
            "arn": "arn:aws:s3:::rpaquito-s3-files-bucket",
            "bucket": "rpaquito-s3-files-bucket",
            "bucket_domain_name": "rpaquito-s3-files-bucket.s3.amazonaws.com",
            "bucket_prefix": null,
            "bucket_regional_domain_name": "rpaquito-s3-files-bucket.s3.amazonaws.com",
            "cors_rule": [],
            "force_destroy": true,
            "hosted_zone_id": "Z3AQBSTGFYJSTF",
            "id": "rpaquito-s3-files-bucket",
            "lifecycle_rule": [],
            "logging": [],
            "object_lock_configuration": [],
            "policy": null,
            "region": "us-east-1",
            "replication_configuration": [],
            "request_payer": "BucketOwner",
            "server_side_encryption_configuration": [],
            "tags": null,
            "versioning": [
              {
                "enabled": false,
                "mfa_delete": false
              }
            ],
            "website": [],
            "website_domain": null,
            "website_endpoint": null
          },
          "private": "bnVsbA=="
        }
      ]
    },
    {
      "module": "module.s3_bucket",
      "mode": "managed",
      "type": "aws_s3_bucket_notification",
      "name": "bucket_notification",
      "provider": "provider.aws",
      "instances": [
        {
          "schema_version": 0,
          "attributes": {
            "bucket": "rpaquito-s3-files-bucket",
            "id": "rpaquito-s3-files-bucket",
            "lambda_function": [
              {
                "events": [
                  "s3:ObjectCreated:*"
                ],
                "filter_prefix": "",
                "filter_suffix": "",
                "id": "tf-s3-lambda-20200422134636228700000001",
                "lambda_function_arn": "arn:aws:lambda:us-east-1:887766911020:function:rpaquito-process-file"
              }
            ],
            "queue": [],
            "topic": []
          },
          "private": "bnVsbA==",
          "dependencies": [
            "module.lambda.aws_iam_role.lambda_role",
            "module.lambda.aws_lambda_function.process_file_lambda",
            "module.s3_bucket.aws_lambda_permission.allow_bucket",
            "module.s3_bucket.aws_s3_bucket.s3_bucket_files"
          ]
        }
      ]
    }
  ]
}
